
Microsoft Visual Studio Solution File, Format Version 12.00
# Visual Studio Version 17
VisualStudioVersion = 17.8.34309.116
MinimumVisualStudioVersion = 10.0.40219.1
Project("{FAE04EC0-301F-11D3-BF4B-00C04F79EFBC}") = "Shopping_UI", "Shopping_UI\Shopping_UI.csproj", "{990FA3A6-AA21-4A81-908F-F0AC198AC732}"
EndProject
Global
	GlobalSection(SolutionConfigurationPlatforms) = preSolution
		Debug|Any CPU = Debug|Any CPU
		Release|Any CPU = Release|Any CPU
	EndGlobalSection
	GlobalSection(ProjectConfigurationPlatforms) = postSolution
		{990FA3A6-AA21-4A81-908F-F0AC198AC732}.Debug|Any CPU.ActiveCfg = Debug|Any CPU
		{990FA3A6-AA21-4A81-908F-F0AC198AC732}.Debug|Any CPU.Build.0 = Debug|Any CPU
		{990FA3A6-AA21-4A81-908F-F0AC198AC732}.Release|Any CPU.ActiveCfg = Release|Any CPU
		{990FA3A6-AA21-4A81-908F-F0AC198AC732}.Release|Any CPU.Build.0 = Release|Any CPU
	EndGlobalSection
	GlobalSection(SolutionProperties) = preSolution
		HideSolutionNode = FALSE
	EndGlobalSection
	GlobalSection(ExtensibilityGlobals) = postSolution
		SolutionGuid = {E492A8AC-8FE3-4E48-9C07-B02EAD6EE7B1}
	EndGlobalSection
EndGlobal
